<?xml version="1.0" encoding="utf-8"?>
<Project ToolsVersion="4.0" xmlns="http://schemas.microsoft.com/developer/msbuild/2003">
  <ItemGroup>
    <Filter Include="Framework">
      <UniqueIdentifier>{4FC737F1-C7A5-4376-A066-2A32D752A2FF}</UniqueIdentifier>
      <Extensions>cpp;c;cc;cxx;c++;cppm;ixx;def;odl;idl;hpj;bat;asm;asmx</Extensions>
    </Filter>
    <Filter Include="Gameplay">
      <UniqueIdentifier>{9f87d256-79fa-4f47-aa73-1513d798d874}</UniqueIdentifier>
    </Filter>
    <Filter Include="UI">
      <UniqueIdentifier>{75d1fe01-47bd-45d7-8d12-244ddeb1e75f}</UniqueIdentifier>
    </Filter>
  </ItemGroup>
  <ItemGroup>
    <ClCompile Include="Main_Windows.cpp">
      <Filter>Framework</Filter>
    </ClCompile>
    <ClCompile Include="App.cpp">
      <Filter>Framework</Filter>
    </ClCompile>
    <ClCompile Include="Game.cpp">
      <Filter>Framework</Filter>
    </ClCompile>
    <ClCompile Include="GameCommon.cpp">
      <Filter>Framework</Filter>
    </ClCompile>
    <ClCompile Include="BlockDefinition.cpp">
      <Filter>Gameplay</Filter>
    </ClCompile>
    <ClCompile Include="MapDefinition.cpp">
      <Filter>Gameplay</Filter>
    </ClCompile>
    <ClCompile Include="Map.cpp">
      <Filter>Gameplay</Filter>
    </ClCompile>
    <ClCompile Include="Block.cpp">
      <Filter>Gameplay</Filter>
    </ClCompile>
    <ClCompile Include="EnemyDefinition.cpp">
      <Filter>Gameplay</Filter>
    </ClCompile>
    <ClCompile Include="TowerDefinition.cpp">
      <Filter>Gameplay</Filter>
    </ClCompile>
    <ClCompile Include="Tower.cpp">
      <Filter>Gameplay</Filter>
    </ClCompile>
    <ClCompile Include="Enemy.cpp">
      <Filter>Gameplay</Filter>
    </ClCompile>
    <ClCompile Include="StatusEffects.cpp">
      <Filter>Gameplay</Filter>
    </ClCompile>
    <ClCompile Include="..\UI\UIButton.cpp">
      <Filter>UI</Filter>
    </ClCompile>
    <ClCompile Include="..\UI\UIPopup.cpp">
      <Filter>UI</Filter>
    </ClCompile>
    <ClCompile Include="..\UI\LevelCompletePopup.cpp">
      <Filter>UI</Filter>
    </ClCompile>
    <ClCompile Include="..\UI\LevelFailedPopup.cpp">
      <Filter>UI</Filter>
    </ClCompile>
    <ClCompile Include="Particle.cpp">
      <Filter>Gameplay</Filter>
    </ClCompile>
    <ClCompile Include="..\UI\PausePopup.cpp">
      <Filter>UI</Filter>
    </ClCompile>
    <ClCompile Include="..\UI\UISlider.cpp">
      <Filter>UI</Filter>
    </ClCompile>
    <ClCompile Include="..\UI\UIImagePopup.cpp">
      <Filter>UI</Filter>
    </ClCompile>
  </ItemGroup>
  <ItemGroup>
    <ClInclude Include="App.hpp">
      <Filter>Framework</Filter>
    </ClInclude>
    <ClInclude Include="Game.hpp">
      <Filter>Framework</Filter>
    </ClInclude>
    <ClInclude Include="GameCommon.hpp">
      <Filter>Framework</Filter>
    </ClInclude>
    <ClInclude Include="EngineBuildPreferences.hpp">
      <Filter>Framework</Filter>
    </ClInclude>
    <ClInclude Include="resource.h" />
    <ClInclude Include="BlockDefinition.hpp">
      <Filter>Gameplay</Filter>
    </ClInclude>
    <ClInclude Include="MapDefinition.hpp">
      <Filter>Gameplay</Filter>
    </ClInclude>
    <ClInclude Include="Map.hpp">
      <Filter>Gameplay</Filter>
    </ClInclude>
    <ClInclude Include="Block.hpp">
      <Filter>Gameplay</Filter>
    </ClInclude>
    <ClInclude Include="EnemyDefinition.hpp">
      <Filter>Gameplay</Filter>
    </ClInclude>
    <ClInclude Include="TowerDefinition.hpp">
      <Filter>Gameplay</Filter>
    </ClInclude>
    <ClInclude Include="Tower.hpp">
      <Filter>Gameplay</Filter>
    </ClInclude>
    <ClInclude Include="Enemy.hpp">
      <Filter>Gameplay</Filter>
    </ClInclude>
    <ClInclude Include="StatusEffects.hpp">
      <Filter>Gameplay</Filter>
    </ClInclude>
    <ClInclude Include="..\UI\UIButton.hpp">
      <Filter>UI</Filter>
    </ClInclude>
    <ClInclude Include="..\UI\UIPopup.hpp">
      <Filter>UI</Filter>
    </ClInclude>
    <ClInclude Include="..\UI\LevelCompletePopup.hpp">
      <Filter>UI</Filter>
    </ClInclude>
    <ClInclude Include="..\UI\LevelFailedPopup.hpp">
      <Filter>UI</Filter>
    </ClInclude>
    <ClInclude Include="Particle.hpp">
      <Filter>Gameplay</Filter>
    </ClInclude>
    <ClInclude Include="..\UI\PausePopup.hpp">
      <Filter>UI</Filter>
    </ClInclude>
    <ClInclude Include="..\UI\UISlider.hpp">
      <Filter>UI</Filter>
    </ClInclude>
    <ClInclude Include="..\UI\UIImagePopup.hpp">
      <Filter>UI</Filter>
    </ClInclude>
  </ItemGroup>
  <ItemGroup>
    <Text Include="..\..\ReadMe.md" />
  </ItemGroup>
  <ItemGroup>
    <ResourceCompile Include="ReyTD.rc" />
  </ItemGroup>
</Project>